{
  "name": "transaction-normalizer",
  "lockfileVersion": 2,
  "requires": true,
  "packages": {
    "": {
      "dependencies": {
        "@emurgo/cardano-message-signing-nodejs": "^1.0.1",
        "@emurgo/cardano-serialization-lib-nodejs": "^11.0.0-rc.8"
      }
    },
    "node_modules/@emurgo/cardano-message-signing-nodejs": {
      "version": "1.0.1",
      "resolved": "https://registry.npmjs.org/@emurgo/cardano-message-signing-nodejs/-/cardano-message-signing-nodejs-1.0.1.tgz",
      "integrity": "sha512-PoKh1tQnJX18f8iEr8Jk1KXxKCn9eqaSslMI1pyOJvYRJhQVDLCh0+9YReufjp0oFJIY1ShcrR+4/WnECVZUKQ=="
    },
    "node_modules/@emurgo/cardano-serialization-lib-nodejs": {
      "version": "11.0.0-rc.8",
      "resolved": "https://registry.npmjs.org/@emurgo/cardano-serialization-lib-nodejs/-/cardano-serialization-lib-nodejs-11.0.0-rc.8.tgz",
      "integrity": "sha512-rHllBUf88am/KjVkW5Byw+3fTsc9IidgN5G9ddWfN9tnc71/KbS7zG4n+m1Zo2I/h9M/+mj4K7enHIPTq/wNng=="
    }
  },
  "dependencies": {
    "@emurgo/cardano-message-signing-nodejs": {
      "version": "1.0.1",
      "resolved": "https://registry.npmjs.org/@emurgo/cardano-message-signing-nodejs/-/cardano-message-signing-nodejs-1.0.1.tgz",
      "integrity": "sha512-PoKh1tQnJX18f8iEr8Jk1KXxKCn9eqaSslMI1pyOJvYRJhQVDLCh0+9YReufjp0oFJIY1ShcrR+4/WnECVZUKQ=="
    },
    "@emurgo/cardano-serialization-lib-nodejs": {
      "version": "11.0.0-rc.8",
      "resolved": "https://registry.npmjs.org/@emurgo/cardano-serialization-lib-nodejs/-/cardano-serialization-lib-nodejs-11.0.0-rc.8.tgz",
      "integrity": "sha512-rHllBUf88am/KjVkW5Byw+3fTsc9IidgN5G9ddWfN9tnc71/KbS7zG4n+m1Zo2I/h9M/+mj4K7enHIPTq/wNng=="
    }
  }
}
